
Microsoft Visual Studio Solution File, Format Version 12.00
# Visual Studio Version 16
VisualStudioVersion = 16.0.31727.386
MinimumVisualStudioVersion = 10.0.40219.1
Project("{FAE04EC0-301F-11D3-BF4B-00C04F79EFBC}") = "Kantor_WebAPI", "Kantor_WebAPI.csproj", "{BC1AB9A4-264A-47D1-9758-1D2047009C5D}"
EndProject
Global
	GlobalSection(SolutionConfigurationPlatforms) = preSolution
		Debug|Any CPU = Debug|Any CPU
		Release|Any CPU = Release|Any CPU
	EndGlobalSection
	GlobalSection(ProjectConfigurationPlatforms) = postSolution
		{BC1AB9A4-264A-47D1-9758-1D2047009C5D}.Debug|Any CPU.ActiveCfg = Debug|Any CPU
		{BC1AB9A4-264A-47D1-9758-1D2047009C5D}.Debug|Any CPU.Build.0 = Debug|Any CPU
		{BC1AB9A4-264A-47D1-9758-1D2047009C5D}.Release|Any CPU.ActiveCfg = Release|Any CPU
		{BC1AB9A4-264A-47D1-9758-1D2047009C5D}.Release|Any CPU.Build.0 = Release|Any CPU
	EndGlobalSection
	GlobalSection(SolutionProperties) = preSolution
		HideSolutionNode = FALSE
	EndGlobalSection
	GlobalSection(ExtensibilityGlobals) = postSolution
		SolutionGuid = {6F1E370D-3848-41BB-96C4-A936F56A2999}
	EndGlobalSection
EndGlobal
